
Microsoft Visual Studio Solution File, Format Version 12.00
# Visual Studio Version 16
VisualStudioVersion = 16.0.32002.261
MinimumVisualStudioVersion = 10.0.40219.1
Project("{FAE04EC0-301F-11D3-BF4B-00C04F79EFBC}") = "ClassDemof2022Recursion", "ClassDemof2022Recursion\ClassDemof2022Recursion.csproj", "{70259F9D-1C8C-4585-8267-BA1A516C3C9E}"
EndProject
Global
	GlobalSection(SolutionConfigurationPlatforms) = preSolution
		Debug|Any CPU = Debug|Any CPU
		Release|Any CPU = Release|Any CPU
	EndGlobalSection
	GlobalSection(ProjectConfigurationPlatforms) = postSolution
		{70259F9D-1C8C-4585-8267-BA1A516C3C9E}.Debug|Any CPU.ActiveCfg = Debug|Any CPU
		{70259F9D-1C8C-4585-8267-BA1A516C3C9E}.Debug|Any CPU.Build.0 = Debug|Any CPU
		{70259F9D-1C8C-4585-8267-BA1A516C3C9E}.Release|Any CPU.ActiveCfg = Release|Any CPU
		{70259F9D-1C8C-4585-8267-BA1A516C3C9E}.Release|Any CPU.Build.0 = Release|Any CPU
	EndGlobalSection
	GlobalSection(SolutionProperties) = preSolution
		HideSolutionNode = FALSE
	EndGlobalSection
	GlobalSection(ExtensibilityGlobals) = postSolution
		SolutionGuid = {DC48B417-3612-4FE6-A9F6-77AAE26E05BB}
	EndGlobalSection
EndGlobal
